// !$*UTF8*$!
{
	archiveVersion = 1;
	classes = {
	};
	objectVersion = 50;
	objects = {

/* Begin PBXBuildFile section */
		DBDD56D020E7455B0084E6F4 /* AppDelegate.swift in Sources */ = {isa = PBXBuildFile; fileRef = DBDD56CF20E7455B0084E6F4 /* AppDelegate.swift */; };
		DBDD56D220E7455B0084E6F4 /* ViewController.swift in Sources */ = {isa = PBXBuildFile; fileRef = DBDD56D120E7455B0084E6F4 /* ViewController.swift */; };
		DBDD56D520E7455B0084E6F4 /* Main.storyboard in Resources */ = {isa = PBXBuildFile; fileRef = DBDD56D320E7455B0084E6F4 /* Main.storyboard */; };
		DBDD56D720E7455D0084E6F4 /* Assets.xcassets in Resources */ = {isa = PBXBuildFile; fileRef = DBDD56D620E7455D0084E6F4 /* Assets.xcassets */; };
		DBDD56DA20E7455D0084E6F4 /* LaunchScreen.storyboard in Resources */ = {isa = PBXBuildFile; fileRef = DBDD56D820E7455D0084E6F4 /* LaunchScreen.storyboard */; };
		DBDD56E320E745900084E6F4 /* TextCell.swift in Sources */ = {isa = PBXBuildFile; fileRef = DBDD56E120E745900084E6F4 /* TextCell.swift */; };
		DBDD56E420E745900084E6F4 /* TextCell.xib in Resources */ = {isa = PBXBuildFile; fileRef = DBDD56E220E745900084E6F4 /* TextCell.xib */; };
/* End PBXBuildFile section */

/* Begin PBXFileReference section */
		DBDD56CC20E7455B0084E6F4 /* TextViewCellDemo.app */ = {isa = PBXFileReference; explicitFileType = wrapper.application; includeInIndex = 0; path = TextViewCellDemo.app; sourceTree = BUILT_PRODUCTS_DIR; };
		DBDD56CF20E7455B0084E6F4 /* AppDelegate.swift */ = {isa = PBXFileReference; lastKnownFileType = sourcecode.swift; path = AppDelegate.swift; sourceTree = "<group>"; };
		DBDD56D120E7455B0084E6F4 /* ViewController.swift */ = {isa = PBXFileReference; lastKnownFileType = sourcecode.swift; path = ViewController.swift; sourceTree = "<group>"; };
		DBDD56D420E7455B0084E6F4 /* Base */ = {isa = PBXFileReference; lastKnownFileType = file.storyboard; name = Base; path = Base.lproj/Main.storyboard; sourceTree = "<group>"; };
		DBDD56D620E7455D0084E6F4 /* Assets.xcassets */ = {isa = PBXFileReference; lastKnownFileType = folder.assetcatalog; path = Assets.xcassets; sourceTree = "<group>"; };
		DBDD56D920E7455D0084E6F4 /* Base */ = {isa = PBXFileReference; lastKnownFileType = file.storyboard; name = Base; path = Base.lproj/LaunchScreen.storyboard; sourceTree = "<group>"; };
		DBDD56DB20E7455D0084E6F4 /* Info.plist */ = {isa = PBXFileReference; lastKnownFileType = text.plist.xml; path = Info.plist; sourceTree = "<group>"; };
		DBDD56E120E745900084E6F4 /* TextCell.swift */ = {isa = PBXFileReference; lastKnownFileType = sourcecode.swift; path = TextCell.swift; sourceTree = "<group>"; };
		DBDD56E220E745900084E6F4 /* TextCell.xib */ = {isa = PBXFileReference; lastKnownFileType = file.xib; path = TextCell.xib; sourceTree = "<group>"; };
/* End PBXFileReference section */

/* Begin PBXFrameworksBuildPhase section */
		DBDD56C920E7455B0084E6F4 /* Frameworks */ = {
			isa = PBXFrameworksBuildPhase;
			buildActionMask = 2147483647;
			files = (
			);
			runOnlyForDeploymentPostprocessing = 0;
		};
/* End PBXFrameworksBuildPhase section */

/* Begin PBXGroup section */
		DBDD56C320E7455B0084E6F4 = {
			isa = PBXGroup;
			children = (
				DBDD56CE20E7455B0084E6F4 /* TextViewCellDemo */,
				DBDD56CD20E7455B0084E6F4 /* Products */,
			);
			sourceTree = "<group>";
		};
		DBDD56CD20E7455B0084E6F4 /* Products */ = {
			isa = PBXGroup;
			children = (
				DBDD56CC20E7455B0084E6F4 /* TextViewCellDemo.app */,
			);
			name = Products;
			sourceTree = "<group>";
		};
		DBDD56CE20E7455B0084E6F4 /* TextViewCellDemo */ = {
			isa = PBXGroup;
			children = (
				DBDD56CF20E7455B0084E6F4 /* AppDelegate.swift */,
				DBDD56D120E7455B0084E6F4 /* ViewController.swift */,
				DBDD56D320E7455B0084E6F4 /* Main.storyboard */,
				DBDD56E120E745900084E6F4 /* TextCell.swift */,
				DBDD56E220E745900084E6F4 /* TextCell.xib */,
				DBDD56D620E7455D0084E6F4 /* Assets.xcassets */,
				DBDD56D820E7455D0084E6F4 /* LaunchScreen.storyboard */,
				DBDD56DB20E7455D0084E6F4 /* Info.plist */,
			);
			path = TextViewCellDemo;
			sourceTree = "<group>";
		};
/* End PBXGroup section */

/* Begin PBXNativeTarget section */
		DBDD56CB20E7455B0084E6F4 /* TextViewCellDemo */ = {
			isa = PBXNativeTarget;
			buildConfigurationList = DBDD56DE20E7455D0084E6F4 /* Build configuration list for PBXNativeTarget "TextViewCellDemo" */;
			buildPhases = (
				DBDD56C820E7455B0084E6F4 /* Sources */,
				DBDD56C920E7455B0084E6F4 /* Frameworks */,
				DBDD56CA20E7455B0084E6F4 /* Resources */,
			);
			buildRules = (
			);
			dependencies = (
			);
			name = TextViewCellDemo;
			productName = DemoTextViewCell;
			productReference = DBDD56CC20E7455B0084E6F4 /* TextViewCellDemo.app */;
			productType = "com.apple.product-type.application";
		};
/* End PBXNativeTarget section */

/* Begin PBXProject section */
		DBDD56C420E7455B0084E6F4 /* Project object */ = {
			isa = PBXProject;
			attributes = {
				LastSwiftUpdateCheck = 0940;
				LastUpgradeCheck = 0940;
				ORGANIZATIONNAME = Roger;
				TargetAttributes = {
					DBDD56CB20E7455B0084E6F4 = {
						CreatedOnToolsVersion = 9.4.1;
					};
				};
			};
			buildConfigurationList = DBDD56C720E7455B0084E6F4 /* Build configuration list for PBXProject "TextViewCellDemo" */;
			compatibilityVersion = "Xcode 9.3";
			developmentRegion = en;
			hasScannedForEncodings = 0;
			knownRegions = (
				en,
				Base,
			);
			mainGroup = DBDD56C320E7455B0084E6F4;
			productRefGroup = DBDD56CD20E7455B0084E6F4 /* Products */;
			projectDirPath = "";
			projectRoot = "";
			targets = (
				DBDD56CB20E7455B0084E6F4 /* TextViewCellDemo */,
			);
		};
/* End PBXProject section */

/* Begin PBXResourcesBuildPhase section */
		DBDD56CA20E7455B0084E6F4 /* Resources */ = {
			isa = PBXResourcesBuildPhase;
			buildActionMask = 2147483647;
			files = (
				DBDD56DA20E7455D0084E6F4 /* LaunchScreen.storyboard in Resources */,
				DBDD56D720E7455D0084E6F4 /* Assets.xcassets in Resources */,
				DBDD56E420E745900084E6F4 /* TextCell.xib in Resources */,
				DBDD56D520E7455B0084E6F4 /* Main.storyboard in Resources */,
			);
			runOnlyForDeploymentPostprocessing = 0;
		};
/* End PBXResourcesBuildPhase section */

/* Begin PBXSourcesBuildPhase section */
		DBDD56C820E7455B0084E6F4 /* Sources */ = {
			isa = PBXSourcesBuildPhase;
			buildActionMask = 2147483647;
			files = (
				DBDD56D220E7455B0084E6F4 /* ViewController.swift in Sources */,
				DBDD56E320E745900084E6F4 /* TextCell.swift in Sources */,
				DBDD56D020E7455B0084E6F4 /* AppDelegate.swift in Sources */,
			);
			runOnlyForDeploymentPostprocessing = 0;
		};
/* End PBXSourcesBuildPhase section */

/* Begin PBXVariantGroup section */
		DBDD56D320E7455B0084E6F4 /* Main.storyboard */ = {
			isa = PBXVariantGroup;
			children = (
				DBDD56D420E7455B0084E6F4 /* Base */,
			);
			name = Main.storyboard;
			sourceTree = "<group>";
		};
		DBDD56D820E7455D0084E6F4 /* LaunchScreen.storyboard */ = {
			isa = PBXVariantGroup;
			children = (
				DBDD56D920E7455D0084E6F4 /* Base */,
			);
			name = LaunchScreen.storyboard;
			sourceTree = "<group>";
		};
/* End PBXVariantGroup section */

/* Begin XCBuildConfiguration section */
		DBDD56DC20E7455D0084E6F4 /* Debug */ = {
			isa = XCBuildConfiguration;
			buildSettings = {
				ALWAYS_SEARCH_USER_PATHS = NO;
				CLANG_ANALYZER_NONNULL = YES;
				CLANG_ANALYZER_NUMBER_OBJECT_CONVERSION = YES_AGGRESSIVE;
				CLANG_CXX_LANGUAGE_STANDARD = "gnu++14";
				CLANG_CXX_LIBRARY = "libc++";
				CLANG_ENABLE_MODULES = YES;
				CLANG_ENABLE_OBJC_ARC = YES;
				CLANG_ENABLE_OBJC_WEAK = YES;
				CLANG_WARN_BLOCK_CAPTURE_AUTORELEASING = YES;
				CLANG_WARN_BOOL_CONVERSION = YES;
				CLANG_WARN_COMMA = YES;
				CLANG_WARN_CONSTANT_CONVERSION = YES;
				CLANG_WARN_DEPRECATED_OBJC_IMPLEMENTATIONS = YES;
				CLANG_WARN_DIRECT_OBJC_ISA_USAGE = YES_ERROR;
				CLANG_WARN_DOCUMENTATION_COMMENTS = YES;
				CLANG_WARN_EMPTY_BODY = YES;
				CLANG_WARN_ENUM_CONVERSION = YES;
				CLANG_WARN_INFINITE_RECURSION = YES;
				CLANG_WARN_INT_CONVERSION = YES;
				CLANG_WARN_NON_LITERAL_NULL_CONVERSION = YES;
				CLANG_WARN_OBJC_IMPLICIT_RETAIN_SELF = YES;
				CLANG_WARN_OBJC_LITERAL_CONVERSION = YES;
				CLANG_WARN_OBJC_ROOT_CLASS = YES_ERROR;
				CLANG_WARN_RANGE_LOOP_ANALYSIS = YES;
				CLANG_WARN_STRICT_PROTOTYPES = YES;
				CLANG_WARN_SUSPICIOUS_MOVE = YES;
				CLANG_WARN_UNGUARDED_AVAILABILITY = YES_AGGRESSIVE;
				CLANG_WARN_UNREACHABLE_CODE = YES;
				CLANG_WARN__DUPLICATE_METHOD_MATCH = YES;
				CODE_SIGN_IDENTITY = "iPhone Developer";
				COPY_PHASE_STRIP = NO;
				DEBUG_INFORMATION_FORMAT = dwarf;
				ENABLE_STRICT_OBJC_MSGSEND = YES;
				ENABLE_TESTABILITY = YES;
				GCC_C_LANGUAGE_STANDARD = gnu11;
				GCC_DYNAMIC_NO_PIC = NO;
				GCC_NO_COMMON_BLOCKS = YES;
				GCC_OPTIMIZATION_LEVEL = 0;
				GCC_PREPROCESSOR_DEFINITIONS = (
					"DEBUG=1",
					"$(inherited)",
				);
				GCC_WARN_64_TO_32_BIT_CONVERSION = YES;
				GCC_WARN_ABOUT_RETURN_TYPE = YES_ERROR;
				GCC_WARN_UNDECLARED_SELECTOR = YES;
				GCC_WARN_UNINITIALIZED_AUTOS = YES_AGGRESSIVE;
				GCC_WARN_UNUSED_FUNCTION = YES;
				GCC_WARN_UNUSED_VARIABLE = YES;
				IPHONEOS_DEPLOYMENT_TARGET = 11.4;
				MTL_ENABLE_DEBUG_INFO = YES;
				ONLY_ACTIVE_ARCH = YES;
				SDKROOT = iphoneos;
				SWIFT_ACTIVE_COMPILATION_CONDITIONS = DEBUG;
				SWIFT_OPTIMIZATION_LEVEL = "-Onone";
			};
			name = Debug;
		};
		DBDD56DD20E7455D0084E6F4 /* Release */ = {
			isa = XCBuildConfiguration;
			buildSettings = {
				ALWAYS_SEARCH_USER_PATHS = NO;
				CLANG_ANALYZER_NONNULL = YES;
				CLANG_ANALYZER_NUMBER_OBJECT_CONVERSION = YES_AGGRESSIVE;
				CLANG_CXX_LANGUAGE_STANDARD = "gnu++14";
				CLANG_CXX_LIBRARY = "libc++";
				CLANG_ENABLE_MODULES = YES;
				CLANG_ENABLE_OBJC_ARC = YES;
				CLANG_ENABLE_OBJC_WEAK = YES;
				CLANG_WARN_BLOCK_CAPTURE_AUTORELEASING = YES;
				CLANG_WARN_BOOL_CONVERSION = YES;
				CLANG_WARN_COMMA = YES;
				CLANG_WARN_CONSTANT_CONVERSION = YES;
				CLANG_WARN_DEPRECATED_OBJC_IMPLEMENTATIONS = YES;
				CLANG_WARN_DIRECT_OBJC_ISA_USAGE = YES_ERROR;
				CLANG_WARN_DOCUMENTATION_COMMENTS = YES;
				CLANG_WARN_EMPTY_BODY = YES;
				CLANG_WARN_ENUM_CONVERSION = YES;
				CLANG_WARN_INFINITE_RECURSION = YES;
				CLANG_WARN_INT_CONVERSION = YES;
				CLANG_WARN_NON_LITERAL_NULL_CONVERSION = YES;
				CLANG_WARN_OBJC_IMPLICIT_RETAIN_SELF = YES;
				CLANG_WARN_OBJC_LITERAL_CONVERSION = YES;
				CLANG_WARN_OBJC_ROOT_CLASS = YES_ERROR;
				CLANG_WARN_RANGE_LOOP_ANALYSIS = YES;
				CLANG_WARN_STRICT_PROTOTYPES = YES;
				CLANG_WARN_SUSPICIOUS_MOVE = YES;
				CLANG_WARN_UNGUARDED_AVAILABILITY = YES_AGGRESSIVE;
				CLANG_WARN_UNREACHABLE_CODE = YES;
				CLANG_WARN__DUPLICATE_METHOD_MATCH = YES;
				CODE_SIGN_IDENTITY = "iPhone Developer";
				COPY_PHASE_STRIP = NO;
				DEBUG_INFORMATION_FORMAT = "dwarf-with-dsym";
				ENABLE_NS_ASSERTIONS = NO;
				ENABLE_STRICT_OBJC_MSGSEND = YES;
				GCC_C_LANGUAGE_STANDARD = gnu11;
				GCC_NO_COMMON_BLOCKS = YES;
				GCC_WARN_64_TO_32_BIT_CONVERSION = YES;
				GCC_WARN_ABOUT_RETURN_TYPE = YES_ERROR;
				GCC_WARN_UNDECLARED_SELECTOR = YES;
				GCC_WARN_UNINITIALIZED_AUTOS = YES_AGGRESSIVE;
				GCC_WARN_UNUSED_FUNCTION = YES;
				GCC_WARN_UNUSED_VARIABLE = YES;
				IPHONEOS_DEPLOYMENT_TARGET = 11.4;
				MTL_ENABLE_DEBUG_INFO = NO;
				SDKROOT = iphoneos;
				SWIFT_COMPILATION_MODE = wholemodule;
				SWIFT_OPTIMIZATION_LEVEL = "-O";
				VALIDATE_PRODUCT = YES;
			};
			name = Release;
		};
		DBDD56DF20E7455D0084E6F4 /* Debug */ = {
			isa = XCBuildConfiguration;
			buildSettings = {
				ASSETCATALOG_COMPILER_APPICON_NAME = AppIcon;
				CODE_SIGN_STYLE = Automatic;
				INFOPLIST_FILE = TextViewCellDemo/Info.plist;
				LD_RUNPATH_SEARCH_PATHS = (
					"$(inherited)",
					"@executable_path/Frameworks",
				);
				PRODUCT_BUNDLE_IDENTIFIER = RogerWang.DemoTextViewCell;
				PRODUCT_NAME = "$(TARGET_NAME)";
				SWIFT_VERSION = 4.0;
				TARGETED_DEVICE_FAMILY = "1,2";
			};
			name = Debug;
		};
		DBDD56E020E7455D0084E6F4 /* Release */ = {
			isa = XCBuildConfiguration;
			buildSettings = {
				ASSETCATALOG_COMPILER_APPICON_NAME = AppIcon;
				CODE_SIGN_STYLE = Automatic;
				INFOPLIST_FILE = TextViewCellDemo/Info.plist;
				LD_RUNPATH_SEARCH_PATHS = (
					"$(inherited)",
					"@executable_path/Frameworks",
				);
				PRODUCT_BUNDLE_IDENTIFIER = RogerWang.DemoTextViewCell;
				PRODUCT_NAME = "$(TARGET_NAME)";
				SWIFT_VERSION = 4.0;
				TARGETED_DEVICE_FAMILY = "1,2";
			};
			name = Release;
		};
/* End XCBuildConfiguration section */

/* Begin XCConfigurationList section */
		DBDD56C720E7455B0084E6F4 /* Build configuration list for PBXProject "TextViewCellDemo" */ = {
			isa = XCConfigurationList;
			buildConfigurations = (
				DBDD56DC20E7455D0084E6F4 /* Debug */,
				DBDD56DD20E7455D0084E6F4 /* Release */,
			);
			defaultConfigurationIsVisible = 0;
			defaultConfigurationName = Release;
		};
		DBDD56DE20E7455D0084E6F4 /* Build configuration list for PBXNativeTarget "TextViewCellDemo" */ = {
			isa = XCConfigurationList;
			buildConfigurations = (
				DBDD56DF20E7455D0084E6F4 /* Debug */,
				DBDD56E020E7455D0084E6F4 /* Release */,
			);
			defaultConfigurationIsVisible = 0;
			defaultConfigurationName = Release;
		};
/* End XCConfigurationList section */
	};
	rootObject = DBDD56C420E7455B0084E6F4 /* Project object */;
}
